
Microsoft Visual Studio Solution File, Format Version 12.00
# Visual Studio Version 17
VisualStudioVersion = 17.0.32126.317
MinimumVisualStudioVersion = 10.0.40219.1
Project("{FAE04EC0-301F-11D3-BF4B-00C04F79EFBC}") = "Prototype", "Prototype\Prototype.csproj", "{1E065F39-307F-428E-AF45-41F1F5226990}"
EndProject
Project("{FAE04EC0-301F-11D3-BF4B-00C04F79EFBC}") = "FactoryMethod", "FactoryMethod\FactoryMethod.csproj", "{9EEA3C3F-07F0-435D-BA5C-7B296DEE99E0}"
EndProject
Global
	GlobalSection(SolutionConfigurationPlatforms) = preSolution
		Debug|Any CPU = Debug|Any CPU
		Release|Any CPU = Release|Any CPU
	EndGlobalSection
	GlobalSection(ProjectConfigurationPlatforms) = postSolution
		{1E065F39-307F-428E-AF45-41F1F5226990}.Debug|Any CPU.ActiveCfg = Debug|Any CPU
		{1E065F39-307F-428E-AF45-41F1F5226990}.Debug|Any CPU.Build.0 = Debug|Any CPU
		{1E065F39-307F-428E-AF45-41F1F5226990}.Release|Any CPU.ActiveCfg = Release|Any CPU
		{1E065F39-307F-428E-AF45-41F1F5226990}.Release|Any CPU.Build.0 = Release|Any CPU
		{9EEA3C3F-07F0-435D-BA5C-7B296DEE99E0}.Debug|Any CPU.ActiveCfg = Debug|Any CPU
		{9EEA3C3F-07F0-435D-BA5C-7B296DEE99E0}.Debug|Any CPU.Build.0 = Debug|Any CPU
		{9EEA3C3F-07F0-435D-BA5C-7B296DEE99E0}.Release|Any CPU.ActiveCfg = Release|Any CPU
		{9EEA3C3F-07F0-435D-BA5C-7B296DEE99E0}.Release|Any CPU.Build.0 = Release|Any CPU
	EndGlobalSection
	GlobalSection(SolutionProperties) = preSolution
		HideSolutionNode = FALSE
	EndGlobalSection
	GlobalSection(ExtensibilityGlobals) = postSolution
		SolutionGuid = {C92C5D8E-EE9A-4197-BC9A-9844506C909C}
	EndGlobalSection
EndGlobal
